{
    "hash": "06137a326ca8d7d308bedddb375ced67",
    "packages": [
        {
            "name": "aura/di",
            "version": "dev-master",
            "source": {
                "type": "git",
                "url": "https://github.com/auraphp/Aura.Di",
                "reference": "ab76ec847533fc97d5239f4444b54c3dd4c9a67e"
            },
            "dist": {
                "type": "zip",
                "url": "https://github.com/auraphp/Aura.Di/zipball/ab76ec847533fc97d5239f4444b54c3dd4c9a67e",
                "reference": "ab76ec847533fc97d5239f4444b54c3dd4c9a67e",
                "shasum": ""
            },
            "require": {
                "php": ">=5.4.0"
            },
            "time": "1350360847",
            "type": "library",
            "installation-source": "source",
            "autoload": {
                "psr-0": {
                    "Aura\\Di": "src/"
                }
            },
            "license": [
                "BSD"
            ],
            "authors": [
                {
                    "name": "Paul M. Jones",
                    "email": "pmjones88@gmail.com",
                    "homepage": "http://paul-m-jones.com"
                },
                {
                    "name": "Hari KT",
                    "email": "kthari85@gmail.com",
                    "homepage": "http://harikt.com"
                },
                {
                    "name": "Aura.Di Contributors",
                    "homepage": "https://github.com/auraphp/Aura.Di/contributors"
                },
                {
                    "name": "Kenaniah Cerny",
                    "email": "kenaniah@gmail.com"
                }
            ],
            "description": "The Aura DI package provides a dependency injection container system with native support for constructor- and setter-based injection, lazy-loading of services, and inheritable configuration of setters and constructor params.",
            "homepage": "http://auraphp.github.com/Aura.Di",
            "keywords": [
                "dependency injection",
                "container",
                "di",
                "di container",
                "dependency injection container"
            ]
        },
        {
            "name": "aura/signal",
            "version": "dev-master",
            "source": {
                "type": "git",
                "url": "https://github.com/auraphp/Aura.Signal",
                "reference": "1.0.0-beta3"
            },
            "dist": {
                "type": "zip",
                "url": "https://github.com/auraphp/Aura.Signal/zipball/1.0.0-beta3",
                "reference": "1.0.0-beta3",
                "shasum": ""
            },
            "require": {
                "php": ">=5.4.0"
            },
            "time": "1343710041",
            "type": "library",
            "installation-source": "source",
            "autoload": {
                "psr-0": {
                    "Aura\\Signal": "src/"
                }
            },
            "license": [
                "BSD"
            ],
            "authors": [
                {
                    "name": "Paul M. Jones",
                    "email": "pmjones88@gmail.com",
                    "homepage": "http://paul-m-jones.com"
                },
                {
                    "name": "Hari KT",
                    "email": "kthari85@gmail.com",
                    "homepage": "http://harikt.com"
                },
                {
                    "name": "Aura.Signal Contributors",
                    "homepage": "https://github.com/auraphp/Aura.Signal/contributors"
                }
            ],
            "description": "A SignalSlots/EventHandler implementation for PHP; with it, we can invoke handlers (\"slots\" or \"hooks\") whenever an object sends a signal (\"notification\" or \"event\") to the signal manager.",
            "homepage": "http://auraphp.github.com/Aura.Signal",
            "keywords": [
                "event",
                "event handler",
                "event handling",
                "signal",
                "signal slots"
            ]
        },
        {
            "name": "doctrine/common",
            "version": "2.3.x-dev",
            "source": {
                "type": "git",
                "url": "https://github.com/doctrine/common",
                "reference": "bb0aebbf234db52df476a2b473d434745b34221c"
            },
            "dist": {
                "type": "zip",
                "url": "https://github.com/doctrine/common/zipball/bb0aebbf234db52df476a2b473d434745b34221c",
                "reference": "bb0aebbf234db52df476a2b473d434745b34221c",
                "shasum": ""
            },
            "require": {
                "php": ">=5.3.2"
            },
            "time": "1348120518",
            "type": "library",
            "extra": {
                "branch-alias": {
                    "dev-master": "2.3.x-dev"
                }
            },
            "installation-source": "source",
            "autoload": {
                "psr-0": {
                    "Doctrine\\Common": "lib/"
                }
            },
            "license": [
                "MIT"
            ],
            "authors": [
                {
                    "name": "Jonathan Wage",
                    "email": "jonwage@gmail.com",
                    "homepage": "http://www.jwage.com/"
                },
                {
                    "name": "Guilherme Blanco",
                    "email": "guilhermeblanco@gmail.com",
                    "homepage": "http://www.instaclick.com"
                },
                {
                    "name": "Roman Borschel",
                    "email": "roman@code-factory.org"
                },
                {
                    "name": "Benjamin Eberlei",
                    "email": "kontakt@beberlei.de"
                },
                {
                    "name": "Johannes Schmitt",
                    "email": "schmittjoh@gmail.com",
                    "homepage": "http://jmsyst.com",
                    "role": "Developer of wrapped JMSSerializerBundle"
                }
            ],
            "description": "Common Library for Doctrine projects",
            "homepage": "http://www.doctrine-project.org",
            "keywords": [
                "collections",
                "spl",
                "eventmanager",
                "annotations",
                "persistence"
            ]
        },
        {
            "name": "facebook/xhprof",
            "version": "0.9.2",
            "source": {
                "type": "git",
                "url": "https://github.com/facebook/xhprof.git",
                "reference": "master"
            },
            "dist": {
                "type": "zip",
                "url": "https://github.com/facebook/xhprof/zipball/master",
                "reference": null,
                "shasum": null
            },
            "type": "library",
            "installation-source": "dist"
        },
        {
            "name": "guzzle/guzzle",
            "version": "v2.7.2",
            "source": {
                "type": "git",
                "url": "https://github.com/guzzle/guzzle",
                "reference": "v2.7.2"
            },
            "dist": {
                "type": "zip",
                "url": "https://github.com/guzzle/guzzle/zipball/v2.7.2",
                "reference": "v2.7.2",
                "shasum": ""
            },
            "require": {
                "php": ">=5.3.2",
                "ext-curl": "*",
                "symfony/event-dispatcher": "2.*"
            },
            "replace": {
                "guzzle/common": "self.version",
                "guzzle/http": "self.version",
                "guzzle/parser": "self.version"
            },
            "require-dev": {
                "doctrine/common": "*",
                "symfony/class-loader": "*",
                "monolog/monolog": "1.*",
                "zendframework/zend-cache": "2.0.*",
                "zendframework/zend-log": "2.0.*",
                "zendframework/zend-loader": "2.0.*",
                "zendframework/zend-stdlib": "2.0.*",
                "zendframework/zend-eventmanager": "2.0.*",
                "zendframework/zend-servicemanager": "2.0.*",
                "zend/zend-log1": "1.11",
                "zend/zend-cache1": "1.11"
            },
            "time": "2012-07-02 14:04:37",
            "type": "library",
            "installation-source": "dist",
            "autoload": {
                "psr-0": {
                    "Guzzle\\Tests": "tests/",
                    "Guzzle": "src/"
                }
            },
            "license": [
                "MIT"
            ],
            "authors": [
                {
                    "name": "Michael Dowling",
                    "email": "mtdowling@gmail.com",
                    "homepage": "https://github.com/mtdowling"
                },
                {
                    "name": "Guzzle Community",
                    "homepage": "https://github.com/guzzle/guzzle/contributors"
                }
            ],
            "description": "Guzzle is a PHP HTTP client library and framework for building RESTful web service clients",
            "homepage": "http://guzzlephp.org/",
            "keywords": [
                "framework",
                "curl",
                "http",
                "rest",
                "http client",
                "client",
                "web service"
            ]
        },
        {
            "name": "ray/aop",
            "version": "1.0.0-beta2",
            "source": {
                "type": "git",
                "url": "https://github.com/koriym/Ray.Aop.git",
                "reference": "1.0.0-beta2"
            },
            "dist": {
                "type": "zip",
                "url": "https://github.com/koriym/Ray.Aop/zipball/1.0.0-beta2",
                "reference": "1.0.0-beta2",
                "shasum": ""
            },
            "require": {
                "php": ">=5.4.0",
                "doctrine/common": "2.3.*-dev"
            },
            "time": "2012-10-17 00:13:53",
            "type": "library",
            "installation-source": "dist",
            "autoload": {
                "psr-0": {
                    "Ray\\Aop": "src/"
                }
            },
            "license": [
                "BSD-3-Clause"
            ],
            "authors": [
                {
                    "name": "Akihito Koriyama",
                    "email": "akihito.koriyama@gmail.com",
                    "homepage": "https://github.com/koriym"
                }
            ],
            "description": "Aspect oriented programing framework",
            "homepage": "https://github.com/koriym/Ray.Aop",
            "keywords": [
                "aop",
                "aspect",
                "annotation",
                "method interception"
            ]
        },
        {
            "name": "ray/di",
            "version": "1.0.0-beta2",
            "source": {
                "type": "git",
                "url": "git://github.com/koriym/Ray.Di.git",
                "reference": "1.0.0-beta2"
            },
            "dist": {
                "type": "zip",
                "url": "https://github.com/koriym/Ray.Di/zipball/1.0.0-beta2",
                "reference": "1.0.0-beta2",
                "shasum": ""
            },
            "require": {
                "php": ">=5.4.0",
                "doctrine/common": "2.3.*-dev",
                "ray/aop": "*",
                "aura/di": ">=1.0.*-dev"
            },
            "time": "2012-10-17 00:40:24",
            "type": "library",
            "installation-source": "dist",
            "autoload": {
                "psr-0": {
                    "Ray\\Di": "src/"
                }
            },
            "license": [
                "BSD-3-Clause"
            ],
            "authors": [
                {
                    "name": "Akihito Koriyama",
                    "email": "akihito.koriyama@gmail.com",
                    "homepage": "https://github.com/koriym"
                }
            ],
            "description": "Guice style annotation-driven dependency injection framework",
            "homepage": "https://github.com/koriym/Ray.Di",
            "keywords": [
                "dependency injection",
                "container",
                "aop",
                "di",
                "jsr",
                "annotation",
                "method interception",
                "guice",
                "ioc"
            ]
        },
        {
            "name": "symfony/event-dispatcher",
            "version": "dev-master",
            "target-dir": "Symfony/Component/EventDispatcher",
            "source": {
                "type": "git",
                "url": "https://github.com/symfony/EventDispatcher",
                "reference": "24a1039d52b6b9f533cb73dcb96c7748262db686"
            },
            "dist": {
                "type": "zip",
                "url": "https://github.com/symfony/EventDispatcher/zipball/24a1039d52b6b9f533cb73dcb96c7748262db686",
                "reference": "24a1039d52b6b9f533cb73dcb96c7748262db686",
                "shasum": ""
            },
            "require": {
                "php": ">=5.3.3"
            },
            "require-dev": {
                "symfony/dependency-injection": "2.2.*"
            },
            "suggest": {
                "symfony/dependency-injection": "2.2.*",
                "symfony/http-kernel": "2.2.*"
            },
            "time": "1349553479",
            "type": "library",
            "extra": {
                "branch-alias": {
                    "dev-master": "2.2-dev"
                }
            },
            "installation-source": "source",
            "autoload": {
                "psr-0": {
                    "Symfony\\Component\\EventDispatcher\\": ""
                }
            },
            "license": [
                "MIT"
            ],
            "authors": [
                {
                    "name": "Fabien Potencier",
                    "email": "fabien@symfony.com"
                },
                {
                    "name": "Symfony Community",
                    "homepage": "http://symfony.com/contributors"
                }
            ],
            "description": "Symfony EventDispatcher Component",
            "homepage": "http://symfony.com"
        }
    ],
    "packages-dev": null,
    "aliases": [

    ],
    "minimum-stability": "dev",
    "stability-flags": {
        "ray/aop": 10,
        "ray/di": 10,
        "aura/di": 20,
        "aura/signal": 20,
        "doctrine/common": 20
    }
}
