{
    "_readme": [
        "This file locks the dependencies of your project to a known state",
        "Read more about it at http://getcomposer.org/doc/01-basic-usage.md#composer-lock-the-lock-file",
        "This file is @generated automatically"
    ],
    "hash": "45747ee3643bbc6ded99282fdc1e1a5c",
    "packages": [
        {
            "name": "any/serializer",
            "version": "0.1.2",
            "source": {
                "type": "git",
                "url": "https://github.com/koriym/Any.Serializer.git",
                "reference": "cc9ef96fa131d45d28c87818e3239c916f157a12"
            },
            "dist": {
                "type": "zip",
                "url": "https://api.github.com/repos/koriym/Any.Serializer/zipball/cc9ef96fa131d45d28c87818e3239c916f157a12",
                "reference": "cc9ef96fa131d45d28c87818e3239c916f157a12",
                "shasum": ""
            },
            "type": "library",
            "autoload": {
                "psr-0": {
                    "Any\\Serializer": "src/"
                }
            },
            "notification-url": "https://packagist.org/downloads/",
            "license": [
                "BSD-3-Clause"
            ],
            "authors": [
                {
                    "name": "Akihito Koriyama",
                    "email": "akihito.koriyama@gmail.com",
                    "homepage": "https://github.com/koriym",
                    "role": "Lead"
                }
            ],
            "description": "Serialize any value for logging",
            "keywords": [
                "make it possible",
                "serialize"
            ],
            "time": "2013-09-20 05:52:42"
        },
        {
            "name": "aura/di",
            "version": "1.1.2",
            "source": {
                "type": "git",
                "url": "https://github.com/auraphp/Aura.Di.git",
                "reference": "e3466bf03c21d6dff4aca8ef57705d26a5939256"
            },
            "dist": {
                "type": "zip",
                "url": "https://api.github.com/repos/auraphp/Aura.Di/zipball/e3466bf03c21d6dff4aca8ef57705d26a5939256",
                "reference": "e3466bf03c21d6dff4aca8ef57705d26a5939256",
                "shasum": ""
            },
            "require": {
                "aura/installer-default": "1.0.*",
                "php": ">=5.4.0"
            },
            "type": "aura-package",
            "autoload": {
                "psr-0": {
                    "Aura\\Di": "src/"
                }
            },
            "notification-url": "https://packagist.org/downloads/",
            "license": [
                "BSD-2-Clause"
            ],
            "authors": [
                {
                    "name": "Paul M. Jones",
                    "email": "pmjones88@gmail.com",
                    "homepage": "http://paul-m-jones.com"
                },
                {
                    "name": "Hari KT",
                    "email": "kthari85@gmail.com",
                    "homepage": "http://harikt.com"
                },
                {
                    "name": "Aura.Di Contributors",
                    "homepage": "https://github.com/auraphp/Aura.Di/contributors"
                },
                {
                    "name": "Kenaniah Cerny",
                    "email": "kenaniah@gmail.com"
                },
                {
                    "name": "Piotr Biedruna",
                    "email": "p.biedruna@gmail.com"
                }
            ],
            "description": "The Aura DI package provides a dependency injection container system with native support for constructor- and setter-based injection, lazy-loading of services, and inheritable configuration of setters and constructor params.",
            "homepage": "http://auraphp.com/Aura.Di",
            "keywords": [
                "container",
                "dependency injection",
                "dependency injection container",
                "di",
                "di container"
            ],
            "time": "2014-05-31 00:00:00"
        },
        {
            "name": "aura/installer-default",
            "version": "1.0.0",
            "source": {
                "type": "git",
                "url": "https://github.com/auraphp/installer-default.git",
                "reference": "52f8de3670cc1ef45a916f40f732937436d028c8"
            },
            "dist": {
                "type": "zip",
                "url": "https://api.github.com/repos/auraphp/installer-default/zipball/52f8de3670cc1ef45a916f40f732937436d028c8",
                "reference": "52f8de3670cc1ef45a916f40f732937436d028c8",
                "shasum": ""
            },
            "type": "composer-installer",
            "extra": {
                "class": "Aura\\Composer\\DefaultInstaller"
            },
            "autoload": {
                "psr-0": {
                    "Aura\\Composer\\": "src/"
                }
            },
            "notification-url": "https://packagist.org/downloads/",
            "license": [
                "BSD-2-Clause"
            ],
            "authors": [
                {
                    "name": "Paul M. Jones",
                    "email": "pmjones88@gmail.com",
                    "homepage": "http://paul-m-jones.com"
                }
            ],
            "description": "Installs Aura packages using the Composer defaults.",
            "keywords": [
                "aura",
                "installer"
            ],
            "time": "2012-11-26 21:35:57"
        },
        {
            "name": "aura/signal",
            "version": "1.0.3",
            "source": {
                "type": "git",
                "url": "https://github.com/auraphp/Aura.Signal.git",
                "reference": "01280bb119df3933f2669a607636c143d838afea"
            },
            "dist": {
                "type": "zip",
                "url": "https://api.github.com/repos/auraphp/Aura.Signal/zipball/01280bb119df3933f2669a607636c143d838afea",
                "reference": "01280bb119df3933f2669a607636c143d838afea",
                "shasum": ""
            },
            "require": {
                "aura/installer-default": "1.0.*",
                "php": ">=5.4.0"
            },
            "type": "aura-package",
            "autoload": {
                "psr-0": {
                    "Aura\\Signal": "src/"
                }
            },
            "notification-url": "https://packagist.org/downloads/",
            "license": [
                "BSD-2-Clause"
            ],
            "authors": [
                {
                    "name": "Paul M. Jones",
                    "email": "pmjones88@gmail.com",
                    "homepage": "http://paul-m-jones.com"
                },
                {
                    "name": "Hari KT",
                    "email": "kthari85@gmail.com",
                    "homepage": "http://harikt.com"
                },
                {
                    "name": "Aura.Signal Contributors",
                    "homepage": "https://github.com/auraphp/Aura.Signal/contributors"
                },
                {
                    "name": "Akihito Koriyama",
                    "email": "akihito.koriyama@gmail.com",
                    "homepage": "http://www.kumasystem.com",
                    "role": "Lead"
                }
            ],
            "description": "A SignalSlots/EventHandler implementation for PHP; with it, we can invoke handlers (\"slots\" or \"hooks\") whenever an object sends a signal (\"notification\" or \"event\") to the signal manager.",
            "homepage": "http://auraphp.com/Aura.Signal",
            "keywords": [
                "event",
                "event handler",
                "event handling",
                "signal",
                "signal slots"
            ],
            "time": "2014-05-31 00:00:00"
        },
        {
            "name": "doctrine/annotations",
            "version": "v1.2.0",
            "source": {
                "type": "git",
                "url": "https://github.com/doctrine/annotations.git",
                "reference": "d9b1a37e9351ddde1f19f09a02e3d6ee92e82efd"
            },
            "dist": {
                "type": "zip",
                "url": "https://api.github.com/repos/doctrine/annotations/zipball/d9b1a37e9351ddde1f19f09a02e3d6ee92e82efd",
                "reference": "d9b1a37e9351ddde1f19f09a02e3d6ee92e82efd",
                "shasum": ""
            },
            "require": {
                "doctrine/lexer": "1.*",
                "php": ">=5.3.2"
            },
            "require-dev": {
                "doctrine/cache": "1.*",
                "phpunit/phpunit": "4.*"
            },
            "type": "library",
            "extra": {
                "branch-alias": {
                    "dev-master": "1.3.x-dev"
                }
            },
            "autoload": {
                "psr-0": {
                    "Doctrine\\Common\\Annotations\\": "lib/"
                }
            },
            "notification-url": "https://packagist.org/downloads/",
            "license": [
                "MIT"
            ],
            "authors": [
                {
                    "name": "Jonathan Wage",
                    "email": "jonwage@gmail.com",
                    "homepage": "http://www.jwage.com/",
                    "role": "Creator"
                },
                {
                    "name": "Guilherme Blanco",
                    "email": "guilhermeblanco@gmail.com",
                    "homepage": "http://www.instaclick.com"
                },
                {
                    "name": "Roman Borschel",
                    "email": "roman@code-factory.org"
                },
                {
                    "name": "Benjamin Eberlei",
                    "email": "kontakt@beberlei.de"
                },
                {
                    "name": "Johannes Schmitt",
                    "email": "schmittjoh@gmail.com",
                    "homepage": "http://jmsyst.com",
                    "role": "Developer of wrapped JMSSerializerBundle"
                }
            ],
            "description": "Docblock Annotations Parser",
            "homepage": "http://www.doctrine-project.org",
            "keywords": [
                "annotations",
                "docblock",
                "parser"
            ],
            "time": "2014-07-06 15:52:21"
        },
        {
            "name": "doctrine/cache",
            "version": "v1.3.0",
            "source": {
                "type": "git",
                "url": "https://github.com/doctrine/cache.git",
                "reference": "e16d7adf45664a50fa86f515b6d5e7f670130449"
            },
            "dist": {
                "type": "zip",
                "url": "https://api.github.com/repos/doctrine/cache/zipball/e16d7adf45664a50fa86f515b6d5e7f670130449",
                "reference": "e16d7adf45664a50fa86f515b6d5e7f670130449",
                "shasum": ""
            },
            "require": {
                "php": ">=5.3.2"
            },
            "conflict": {
                "doctrine/common": ">2.2,<2.4"
            },
            "require-dev": {
                "phpunit/phpunit": ">=3.7",
                "satooshi/php-coveralls": "~0.6"
            },
            "type": "library",
            "extra": {
                "branch-alias": {
                    "dev-master": "1.0.x-dev"
                }
            },
            "autoload": {
                "psr-0": {
                    "Doctrine\\Common\\Cache\\": "lib/"
                }
            },
            "notification-url": "https://packagist.org/downloads/",
            "license": [
                "MIT"
            ],
            "authors": [
                {
                    "name": "Jonathan Wage",
                    "email": "jonwage@gmail.com",
                    "homepage": "http://www.jwage.com/",
                    "role": "Creator"
                },
                {
                    "name": "Guilherme Blanco",
                    "email": "guilhermeblanco@gmail.com",
                    "homepage": "http://www.instaclick.com"
                },
                {
                    "name": "Roman Borschel",
                    "email": "roman@code-factory.org"
                },
                {
                    "name": "Benjamin Eberlei",
                    "email": "kontakt@beberlei.de"
                },
                {
                    "name": "Johannes Schmitt",
                    "email": "schmittjoh@gmail.com",
                    "homepage": "http://jmsyst.com",
                    "role": "Developer of wrapped JMSSerializerBundle"
                }
            ],
            "description": "Caching library offering an object-oriented API for many cache backends",
            "homepage": "http://www.doctrine-project.org",
            "keywords": [
                "cache",
                "caching"
            ],
            "time": "2013-10-25 19:04:14"
        },
        {
            "name": "doctrine/lexer",
            "version": "v1.0",
            "source": {
                "type": "git",
                "url": "https://github.com/doctrine/lexer.git",
                "reference": "2f708a85bb3aab5d99dab8be435abd73e0b18acb"
            },
            "dist": {
                "type": "zip",
                "url": "https://api.github.com/repos/doctrine/lexer/zipball/2f708a85bb3aab5d99dab8be435abd73e0b18acb",
                "reference": "2f708a85bb3aab5d99dab8be435abd73e0b18acb",
                "shasum": ""
            },
            "require": {
                "php": ">=5.3.2"
            },
            "type": "library",
            "autoload": {
                "psr-0": {
                    "Doctrine\\Common\\Lexer\\": "lib/"
                }
            },
            "notification-url": "https://packagist.org/downloads/",
            "license": [
                "MIT"
            ],
            "authors": [
                {
                    "name": "Guilherme Blanco",
                    "email": "guilhermeblanco@gmail.com",
                    "homepage": "http://www.instaclick.com"
                },
                {
                    "name": "Roman Borschel",
                    "email": "roman@code-factory.org"
                },
                {
                    "name": "Johannes Schmitt",
                    "email": "schmittjoh@gmail.com",
                    "homepage": "http://jmsyst.com",
                    "role": "Developer of wrapped JMSSerializerBundle"
                }
            ],
            "description": "Base library for a lexer that can be used in Top-Down, Recursive Descent Parsers.",
            "homepage": "http://www.doctrine-project.org",
            "keywords": [
                "lexer",
                "parser"
            ],
            "time": "2013-01-12 18:59:04"
        },
        {
            "name": "guzzlehttp/command",
            "version": "0.4.0",
            "source": {
                "type": "git",
                "url": "https://github.com/guzzle/command.git",
                "reference": "a06e799bca01ebddf46757e678ede6cf17147f9e"
            },
            "dist": {
                "type": "zip",
                "url": "https://api.github.com/repos/guzzle/command/zipball/a06e799bca01ebddf46757e678ede6cf17147f9e",
                "reference": "a06e799bca01ebddf46757e678ede6cf17147f9e",
                "shasum": ""
            },
            "require": {
                "guzzlehttp/guzzle": "~4.0",
                "php": ">=5.4.0"
            },
            "require-dev": {
                "phpunit/phpunit": "~4.0"
            },
            "type": "library",
            "autoload": {
                "psr-4": {
                    "GuzzleHttp\\Command\\": "src/"
                }
            },
            "notification-url": "https://packagist.org/downloads/",
            "license": [
                "MIT"
            ],
            "authors": [
                {
                    "name": "Michael Dowling",
                    "email": "mtdowling@gmail.com",
                    "homepage": "https://github.com/mtdowling"
                }
            ],
            "description": "Provides the foundation for building command based web service clients",
            "time": "2014-04-30 03:48:46"
        },
        {
            "name": "guzzlehttp/guzzle",
            "version": "4.1.2",
            "source": {
                "type": "git",
                "url": "https://github.com/guzzle/guzzle.git",
                "reference": "095cf4db559bebc78d967890eb93280d8ceb5a08"
            },
            "dist": {
                "type": "zip",
                "url": "https://api.github.com/repos/guzzle/guzzle/zipball/095cf4db559bebc78d967890eb93280d8ceb5a08",
                "reference": "095cf4db559bebc78d967890eb93280d8ceb5a08",
                "shasum": ""
            },
            "require": {
                "ext-json": "*",
                "guzzlehttp/streams": "~1.0",
                "php": ">=5.4.0"
            },
            "require-dev": {
                "ext-curl": "*",
                "phpunit/phpunit": "~4.0",
                "psr/log": "~1.0"
            },
            "suggest": {
                "ext-curl": "Guzzle will use specific adapters if cURL is present"
            },
            "type": "library",
            "extra": {
                "branch-alias": {
                    "dev-master": "4.1.x-dev"
                }
            },
            "autoload": {
                "psr-4": {
                    "GuzzleHttp\\": "src/"
                },
                "files": [
                    "src/functions.php"
                ]
            },
            "notification-url": "https://packagist.org/downloads/",
            "license": [
                "MIT"
            ],
            "authors": [
                {
                    "name": "Michael Dowling",
                    "email": "mtdowling@gmail.com",
                    "homepage": "https://github.com/mtdowling"
                }
            ],
            "description": "Guzzle is a PHP HTTP client library and framework for building RESTful web service clients",
            "homepage": "http://guzzlephp.org/",
            "keywords": [
                "client",
                "curl",
                "framework",
                "http",
                "http client",
                "rest",
                "web service"
            ],
            "time": "2014-06-18 18:22:41"
        },
        {
            "name": "guzzlehttp/guzzle-services",
            "version": "0.3.0",
            "source": {
                "type": "git",
                "url": "https://github.com/guzzle/guzzle-services.git",
                "reference": "689dfa73b65e2c0a74184a5fb8c5a6ef0b160911"
            },
            "dist": {
                "type": "zip",
                "url": "https://api.github.com/repos/guzzle/guzzle-services/zipball/689dfa73b65e2c0a74184a5fb8c5a6ef0b160911",
                "reference": "689dfa73b65e2c0a74184a5fb8c5a6ef0b160911",
                "shasum": ""
            },
            "require": {
                "guzzlehttp/command": "~0.2",
                "php": ">=5.4.0"
            },
            "require-dev": {
                "phpunit/phpunit": "~4.0"
            },
            "type": "library",
            "autoload": {
                "psr-4": {
                    "GuzzleHttp\\Command\\Guzzle\\": "src/"
                }
            },
            "notification-url": "https://packagist.org/downloads/",
            "license": [
                "MIT"
            ],
            "authors": [
                {
                    "name": "Michael Dowling",
                    "email": "mtdowling@gmail.com",
                    "homepage": "https://github.com/mtdowling"
                }
            ],
            "description": "Provides an implementation of the Guzzle Command library that uses Guzzle service descriptions to describe web services, serialize requests, and parse responses into easy to use model structures.",
            "time": "2014-06-01 20:00:25"
        },
        {
            "name": "guzzlehttp/streams",
            "version": "1.1.0",
            "source": {
                "type": "git",
                "url": "https://github.com/guzzle/streams.git",
                "reference": "cf0c8c33ca95cc147efba4c714f630ee44767180"
            },
            "dist": {
                "type": "zip",
                "url": "https://api.github.com/repos/guzzle/streams/zipball/cf0c8c33ca95cc147efba4c714f630ee44767180",
                "reference": "cf0c8c33ca95cc147efba4c714f630ee44767180",
                "shasum": ""
            },
            "require": {
                "php": ">=5.4.0"
            },
            "require-dev": {
                "phpunit/phpunit": "~4.0"
            },
            "type": "library",
            "extra": {
                "branch-alias": {
                    "dev-master": "1.0.x-dev"
                }
            },
            "autoload": {
                "psr-4": {
                    "GuzzleHttp\\Stream\\": "src/"
                },
                "files": [
                    "src/functions.php"
                ]
            },
            "notification-url": "https://packagist.org/downloads/",
            "license": [
                "MIT"
            ],
            "authors": [
                {
                    "name": "Michael Dowling",
                    "email": "mtdowling@gmail.com",
                    "homepage": "https://github.com/mtdowling"
                }
            ],
            "description": "Provides a simple abstraction over streams of data (Guzzle 4+)",
            "homepage": "http://guzzlephp.org/",
            "keywords": [
                "Guzzle",
                "stream"
            ],
            "time": "2014-04-03 04:48:24"
        },
        {
            "name": "nikic/php-parser",
            "version": "v0.9.4",
            "source": {
                "type": "git",
                "url": "https://github.com/nikic/PHP-Parser.git",
                "reference": "1e5e280ae88a27effa2ae4aa2bd088494ed8594f"
            },
            "dist": {
                "type": "zip",
                "url": "https://api.github.com/repos/nikic/PHP-Parser/zipball/1e5e280ae88a27effa2ae4aa2bd088494ed8594f",
                "reference": "1e5e280ae88a27effa2ae4aa2bd088494ed8594f",
                "shasum": ""
            },
            "require": {
                "php": ">=5.2"
            },
            "type": "library",
            "extra": {
                "branch-alias": {
                    "dev-master": "0.9-dev"
                }
            },
            "autoload": {
                "psr-0": {
                    "PHPParser": "lib/"
                }
            },
            "notification-url": "https://packagist.org/downloads/",
            "license": [
                "BSD-3-Clause"
            ],
            "authors": [
                {
                    "name": "Nikita Popov"
                }
            ],
            "description": "A PHP parser written in PHP",
            "keywords": [
                "parser",
                "php"
            ],
            "time": "2013-08-25 17:11:40"
        },
        {
            "name": "nocarrier/hal",
            "version": "0.9.7",
            "source": {
                "type": "git",
                "url": "https://github.com/blongden/hal.git",
                "reference": "a05d0beaa8ad969315ae236c06a662adc82b7e8d"
            },
            "dist": {
                "type": "zip",
                "url": "https://api.github.com/repos/blongden/hal/zipball/a05d0beaa8ad969315ae236c06a662adc82b7e8d",
                "reference": "a05d0beaa8ad969315ae236c06a662adc82b7e8d",
                "shasum": ""
            },
            "require": {
                "php": ">=5.3.0"
            },
            "require-dev": {
                "phpunit/phpunit": "4.1.*"
            },
            "type": "library",
            "autoload": {
                "psr-0": {
                    "Nocarrier": "src"
                }
            },
            "notification-url": "https://packagist.org/downloads/",
            "license": [
                "MIT"
            ],
            "authors": [
                {
                    "name": "Ben Longden",
                    "email": "ben@nocarrier.co.uk",
                    "homepage": "http://nocarrier.co.uk"
                }
            ],
            "description": "application/hal builder / formatter for PHP 5.3+",
            "homepage": "https://github.com/blongden/hal",
            "keywords": [
                "hal",
                "hypermedia",
                "json",
                "rest",
                "xml"
            ],
            "time": "2014-06-13 10:59:16"
        },
        {
            "name": "ray/aop",
            "version": "1.2.5",
            "source": {
                "type": "git",
                "url": "https://github.com/koriym/Ray.Aop.git",
                "reference": "159edfaa1c7121a7a36b6a10da19485c261e87b6"
            },
            "dist": {
                "type": "zip",
                "url": "https://api.github.com/repos/koriym/Ray.Aop/zipball/159edfaa1c7121a7a36b6a10da19485c261e87b6",
                "reference": "159edfaa1c7121a7a36b6a10da19485c261e87b6",
                "shasum": ""
            },
            "require": {
                "doctrine/annotations": "~1.1",
                "nikic/php-parser": "~0.9",
                "php": ">=5.4.0"
            },
            "suggest": {
                "ray/di": "DI framework supports Ray.Aop"
            },
            "type": "library",
            "extra": {
                "branch-alias": {
                    "dev-master": "1.2.x-dev"
                }
            },
            "autoload": {
                "psr-4": {
                    "Ray\\Aop\\": "src/"
                }
            },
            "notification-url": "https://packagist.org/downloads/",
            "license": [
                "BSD-3-Clause"
            ],
            "authors": [
                {
                    "name": "Ray.Aop Contributors",
                    "homepage": "https://github.com/koriym/Ray.Aop/graphs/contributors"
                }
            ],
            "description": "Aspect oriented framework",
            "homepage": "https://github.com/koriym/Ray.Aop",
            "keywords": [
                "annotation",
                "aop",
                "aspect"
            ],
            "time": "2014-05-27 10:29:01"
        },
        {
            "name": "ray/di",
            "version": "1.3.5",
            "source": {
                "type": "git",
                "url": "https://github.com/koriym/Ray.Di.git",
                "reference": "7d2adda27629ec90c603156984df5ad4d4f5f538"
            },
            "dist": {
                "type": "zip",
                "url": "https://api.github.com/repos/koriym/Ray.Di/zipball/7d2adda27629ec90c603156984df5ad4d4f5f538",
                "reference": "7d2adda27629ec90c603156984df5ad4d4f5f538",
                "shasum": ""
            },
            "require": {
                "aura/di": "~1.0",
                "doctrine/annotations": "~1.1",
                "doctrine/cache": "~1.3",
                "nikic/php-parser": "~0.9",
                "php": ">=5.4.0",
                "ray/aop": "~1.2"
            },
            "type": "library",
            "extra": {
                "branch-alias": {
                    "dev-master": "1.3.x-dev"
                }
            },
            "autoload": {
                "psr-4": {
                    "Ray\\Di\\": "src/"
                }
            },
            "notification-url": "https://packagist.org/downloads/",
            "license": [
                "BSD-3-Clause"
            ],
            "authors": [
                {
                    "name": "Akihito Koriyama",
                    "email": "akihito.koriyama@gmail.com",
                    "homepage": "https://github.com/koriym",
                    "role": "Lead"
                }
            ],
            "description": "Guice style annotation-driven dependency injection framework",
            "homepage": "https://github.com/koriym/Ray.Di",
            "keywords": [
                "annotations",
                "aop",
                "di",
                "guice",
                "jsr"
            ],
            "time": "2014-06-09 06:50:42"
        }
    ],
    "packages-dev": [
        {
            "name": "facebook/xhprof",
            "version": "dev-master",
            "source": {
                "type": "git",
                "url": "https://github.com/facebook/xhprof.git",
                "reference": "0a7a5f69f5d762c34056164eb08dd13d41156015"
            },
            "dist": {
                "type": "zip",
                "url": "https://api.github.com/repos/facebook/xhprof/zipball/0a7a5f69f5d762c34056164eb08dd13d41156015",
                "reference": "0a7a5f69f5d762c34056164eb08dd13d41156015",
                "shasum": ""
            },
            "require": {
                "php": ">=5.2.0"
            },
            "type": "library",
            "autoload": {
                "files": [
                    "xhprof_lib/utils/xhprof_lib.php",
                    "xhprof_lib/utils/xhprof_runs.php"
                ]
            },
            "notification-url": "https://packagist.org/downloads/",
            "license": [
                "Apache-2.0"
            ],
            "description": "XHProf: A Hierarchical Profiler for PHP",
            "homepage": "http://pecl.php.net/package/xhprof",
            "keywords": [
                "performance",
                "profiling"
            ],
            "time": "2014-04-22 20:02:16"
        }
    ],
    "aliases": [],
    "minimum-stability": "stable",
    "stability-flags": {
        "facebook/xhprof": 20
    },
    "platform": {
        "php": ">=5.4.0"
    },
    "platform-dev": []
}
