{
    "hash": "778a0191a063bed7f7b75a0f00c25053",
    "packages": [
        {
            "package": "Ray/Aop",
            "version": "dev-master",
            "source-reference": "2d118d33454a2c2006b83a2d62ae9270eea33413",
            "commit-date": "1345435456"
        },
        {
            "package": "Ray/Di",
            "version": "dev-master",
            "source-reference": "1.0.0-beta1",
            "commit-date": "1345435997"
        },
        {
            "package": "aura/di",
            "version": "dev-master",
            "source-reference": "8730acf19625fb74fca9f5ec8a0f80012c754442",
            "commit-date": "1346013492"
        },
        {
            "package": "aura/signal",
            "version": "dev-master",
            "source-reference": "1.0.0-beta3",
            "commit-date": "1343710041"
        },
        {
            "package": "doctrine/common",
            "version": "2.3.x-dev",
            "source-reference": "605b1b8b5a7bc8daf9111fb35483e5708e30de35",
            "commit-date": "1346249247"
        },
        {
            "package": "facebook/xhprof",
            "version": "0.9.2"
        },
        {
            "package": "guzzle/guzzle",
            "version": "v2.7.2"
        },
        {
            "package": "symfony/event-dispatcher",
            "version": "dev-master",
            "alias-pretty-version": "2.1.x-dev",
            "alias-version": "2.1.9999999.9999999-dev"
        },
        {
            "package": "symfony/event-dispatcher",
            "version": "dev-master",
            "source-reference": "v2.1.0-RC2",
            "commit-date": "1345643321"
        }
    ],
    "packages-dev": null,
    "aliases": [

    ],
    "minimum-stability": "dev",
    "stability-flags": {
        "aura/di": 20,
        "aura/signal": 20,
        "doctrine/common": 20,
        "ray/aop": 20,
        "ray/di": 20
    }
}
